
Microsoft Visual Studio Solution File, Format Version 11.00
# Visual Studio 2010
Project("{FAE04EC0-301F-11D3-BF4B-00C04F79EFBC}") = "gencode", "gencode.csproj", "{438845D1-EE84-46CC-9FD0-32231BACE369}"
EndProject
Global
	GlobalSection(SolutionConfigurationPlatforms) = preSolution
		Debug|Any CPU = Debug|Any CPU
		Release|Any CPU = Release|Any CPU
	EndGlobalSection
	GlobalSection(ProjectConfigurationPlatforms) = postSolution
		{438845D1-EE84-46CC-9FD0-32231BACE369}.Debug|Any CPU.ActiveCfg = Debug|Any CPU
		{438845D1-EE84-46CC-9FD0-32231BACE369}.Debug|Any CPU.Build.0 = Debug|Any CPU
		{438845D1-EE84-46CC-9FD0-32231BACE369}.Release|Any CPU.ActiveCfg = Release|Any CPU
		{438845D1-EE84-46CC-9FD0-32231BACE369}.Release|Any CPU.Build.0 = Release|Any CPU
	EndGlobalSection
	GlobalSection(SolutionProperties) = preSolution
		HideSolutionNode = FALSE
	EndGlobalSection
EndGlobal
